
Microsoft Visual Studio Solution File, Format Version 12.00
# Visual Studio 15
VisualStudioVersion = 15.0.28307.106
MinimumVisualStudioVersion = 10.0.40219.1
Project("{8BC9CEB8-8B4A-11D0-8D11-00A0C91BC942}") = "Client", "Client\Client.vcxproj", "{4B8424A3-DD28-4F23-9380-B716E0230438}"
EndProject
Project("{8BC9CEB8-8B4A-11D0-8D11-00A0C91BC942}") = "Server", "Server\Server.vcxproj", "{D17A816A-1161-4743-9F3B-71F674A88FB5}"
EndProject
Global
	GlobalSection(SolutionConfigurationPlatforms) = preSolution
		Debug|x64 = Debug|x64
		Debug|x86 = Debug|x86
		Release|x64 = Release|x64
		Release|x86 = Release|x86
	EndGlobalSection
	GlobalSection(ProjectConfigurationPlatforms) = postSolution
		{4B8424A3-DD28-4F23-9380-B716E0230438}.Debug|x64.ActiveCfg = Debug|x64
		{4B8424A3-DD28-4F23-9380-B716E0230438}.Debug|x64.Build.0 = Debug|x64
		{4B8424A3-DD28-4F23-9380-B716E0230438}.Debug|x86.ActiveCfg = Debug|Win32
		{4B8424A3-DD28-4F23-9380-B716E0230438}.Debug|x86.Build.0 = Debug|Win32
		{4B8424A3-DD28-4F23-9380-B716E0230438}.Release|x64.ActiveCfg = Release|x64
		{4B8424A3-DD28-4F23-9380-B716E0230438}.Release|x64.Build.0 = Release|x64
		{4B8424A3-DD28-4F23-9380-B716E0230438}.Release|x86.ActiveCfg = Release|Win32
		{4B8424A3-DD28-4F23-9380-B716E0230438}.Release|x86.Build.0 = Release|Win32
		{D17A816A-1161-4743-9F3B-71F674A88FB5}.Debug|x64.ActiveCfg = Debug|x64
		{D17A816A-1161-4743-9F3B-71F674A88FB5}.Debug|x64.Build.0 = Debug|x64
		{D17A816A-1161-4743-9F3B-71F674A88FB5}.Debug|x86.ActiveCfg = Debug|Win32
		{D17A816A-1161-4743-9F3B-71F674A88FB5}.Debug|x86.Build.0 = Debug|Win32
		{D17A816A-1161-4743-9F3B-71F674A88FB5}.Release|x64.ActiveCfg = Release|x64
		{D17A816A-1161-4743-9F3B-71F674A88FB5}.Release|x64.Build.0 = Release|x64
		{D17A816A-1161-4743-9F3B-71F674A88FB5}.Release|x86.ActiveCfg = Release|Win32
		{D17A816A-1161-4743-9F3B-71F674A88FB5}.Release|x86.Build.0 = Release|Win32
	EndGlobalSection
	GlobalSection(SolutionProperties) = preSolution
		HideSolutionNode = FALSE
	EndGlobalSection
	GlobalSection(ExtensibilityGlobals) = postSolution
		SolutionGuid = {AF46C329-D873-49FA-BF05-72081A1D4527}
	EndGlobalSection
EndGlobal
